// !$*UTF8*$!
{
	archiveVersion = 1;
	classes = {
	};
	objectVersion = 50;
	objects = {

/* Begin PBXBuildFile section */
		8E002889238AFB9700221142 /* AppDelegate.swift in Sources */ = {isa = PBXBuildFile; fileRef = 8E002888238AFB9700221142 /* AppDelegate.swift */; };
		8E00288B238AFB9700221142 /* SceneDelegate.swift in Sources */ = {isa = PBXBuildFile; fileRef = 8E00288A238AFB9700221142 /* SceneDelegate.swift */; };
		8E00288D238AFB9700221142 /* ViewController.swift in Sources */ = {isa = PBXBuildFile; fileRef = 8E00288C238AFB9700221142 /* ViewController.swift */; };
		8E002890238AFB9700221142 /* Main.storyboard in Resources */ = {isa = PBXBuildFile; fileRef = 8E00288E238AFB9700221142 /* Main.storyboard */; };
		8E002892238AFB9D00221142 /* Assets.xcassets in Resources */ = {isa = PBXBuildFile; fileRef = 8E002891238AFB9D00221142 /* Assets.xcassets */; };
		8E002895238AFB9D00221142 /* LaunchScreen.storyboard in Resources */ = {isa = PBXBuildFile; fileRef = 8E002893238AFB9D00221142 /* LaunchScreen.storyboard */; };
		8E0028A0238AFB9D00221142 /* VibeCheck_Tests.swift in Sources */ = {isa = PBXBuildFile; fileRef = 8E00289F238AFB9D00221142 /* VibeCheck_Tests.swift */; };
		8E0028AB238AFB9D00221142 /* VibeCheck_UITests.swift in Sources */ = {isa = PBXBuildFile; fileRef = 8E0028AA238AFB9D00221142 /* VibeCheck_UITests.swift */; };
/* End PBXBuildFile section */

/* Begin PBXContainerItemProxy section */
		8E00289C238AFB9D00221142 /* PBXContainerItemProxy */ = {
			isa = PBXContainerItemProxy;
			containerPortal = 8E00287D238AFB9700221142 /* Project object */;
			proxyType = 1;
			remoteGlobalIDString = 8E002884238AFB9700221142;
			remoteInfo = VibeCheck_;
		};
		8E0028A7238AFB9D00221142 /* PBXContainerItemProxy */ = {
			isa = PBXContainerItemProxy;
			containerPortal = 8E00287D238AFB9700221142 /* Project object */;
			proxyType = 1;
			remoteGlobalIDString = 8E002884238AFB9700221142;
			remoteInfo = VibeCheck_;
		};
/* End PBXContainerItemProxy section */

/* Begin PBXFileReference section */
		8E002885238AFB9700221142 /* VibeCheck_.app */ = {isa = PBXFileReference; explicitFileType = wrapper.application; includeInIndex = 0; path = VibeCheck_.app; sourceTree = BUILT_PRODUCTS_DIR; };
		8E002888238AFB9700221142 /* AppDelegate.swift */ = {isa = PBXFileReference; lastKnownFileType = sourcecode.swift; path = AppDelegate.swift; sourceTree = "<group>"; };
		8E00288A238AFB9700221142 /* SceneDelegate.swift */ = {isa = PBXFileReference; lastKnownFileType = sourcecode.swift; path = SceneDelegate.swift; sourceTree = "<group>"; };
		8E00288C238AFB9700221142 /* ViewController.swift */ = {isa = PBXFileReference; lastKnownFileType = sourcecode.swift; path = ViewController.swift; sourceTree = "<group>"; };
		8E00288F238AFB9700221142 /* Base */ = {isa = PBXFileReference; lastKnownFileType = file.storyboard; name = Base; path = Base.lproj/Main.storyboard; sourceTree = "<group>"; };
		8E002891238AFB9D00221142 /* Assets.xcassets */ = {isa = PBXFileReference; lastKnownFileType = folder.assetcatalog; path = Assets.xcassets; sourceTree = "<group>"; };
		8E002894238AFB9D00221142 /* Base */ = {isa = PBXFileReference; lastKnownFileType = file.storyboard; name = Base; path = Base.lproj/LaunchScreen.storyboard; sourceTree = "<group>"; };
		8E002896238AFB9D00221142 /* Info.plist */ = {isa = PBXFileReference; lastKnownFileType = text.plist.xml; path = Info.plist; sourceTree = "<group>"; };
		8E00289B238AFB9D00221142 /* VibeCheck_Tests.xctest */ = {isa = PBXFileReference; explicitFileType = wrapper.cfbundle; includeInIndex = 0; path = VibeCheck_Tests.xctest; sourceTree = BUILT_PRODUCTS_DIR; };
		8E00289F238AFB9D00221142 /* VibeCheck_Tests.swift */ = {isa = PBXFileReference; lastKnownFileType = sourcecode.swift; path = VibeCheck_Tests.swift; sourceTree = "<group>"; };
		8E0028A1238AFB9D00221142 /* Info.plist */ = {isa = PBXFileReference; lastKnownFileType = text.plist.xml; path = Info.plist; sourceTree = "<group>"; };
		8E0028A6238AFB9D00221142 /* VibeCheck_UITests.xctest */ = {isa = PBXFileReference; explicitFileType = wrapper.cfbundle; includeInIndex = 0; path = VibeCheck_UITests.xctest; sourceTree = BUILT_PRODUCTS_DIR; };
		8E0028AA238AFB9D00221142 /* VibeCheck_UITests.swift */ = {isa = PBXFileReference; lastKnownFileType = sourcecode.swift; path = VibeCheck_UITests.swift; sourceTree = "<group>"; };
		8E0028AC238AFB9D00221142 /* Info.plist */ = {isa = PBXFileReference; lastKnownFileType = text.plist.xml; path = Info.plist; sourceTree = "<group>"; };
/* End PBXFileReference section */

/* Begin PBXFrameworksBuildPhase section */
		8E002882238AFB9700221142 /* Frameworks */ = {
			isa = PBXFrameworksBuildPhase;
			buildActionMask = 2147483647;
			files = (
			);
			runOnlyForDeploymentPostprocessing = 0;
		};
		8E002898238AFB9D00221142 /* Frameworks */ = {
			isa = PBXFrameworksBuildPhase;
			buildActionMask = 2147483647;
			files = (
			);
			runOnlyForDeploymentPostprocessing = 0;
		};
		8E0028A3238AFB9D00221142 /* Frameworks */ = {
			isa = PBXFrameworksBuildPhase;
			buildActionMask = 2147483647;
			files = (
			);
			runOnlyForDeploymentPostprocessing = 0;
		};
/* End PBXFrameworksBuildPhase section */

/* Begin PBXGroup section */
		8E00287C238AFB9700221142 = {
			isa = PBXGroup;
			children = (
				8E002887238AFB9700221142 /* VibeCheck_ */,
				8E00289E238AFB9D00221142 /* VibeCheck_Tests */,
				8E0028A9238AFB9D00221142 /* VibeCheck_UITests */,
				8E002886238AFB9700221142 /* Products */,
			);
			sourceTree = "<group>";
		};
		8E002886238AFB9700221142 /* Products */ = {
			isa = PBXGroup;
			children = (
				8E002885238AFB9700221142 /* VibeCheck_.app */,
				8E00289B238AFB9D00221142 /* VibeCheck_Tests.xctest */,
				8E0028A6238AFB9D00221142 /* VibeCheck_UITests.xctest */,
			);
			name = Products;
			sourceTree = "<group>";
		};
		8E002887238AFB9700221142 /* VibeCheck_ */ = {
			isa = PBXGroup;
			children = (
				8E002888238AFB9700221142 /* AppDelegate.swift */,
				8E00288A238AFB9700221142 /* SceneDelegate.swift */,
				8E00288C238AFB9700221142 /* ViewController.swift */,
				8E00288E238AFB9700221142 /* Main.storyboard */,
				8E002891238AFB9D00221142 /* Assets.xcassets */,
				8E002893238AFB9D00221142 /* LaunchScreen.storyboard */,
				8E002896238AFB9D00221142 /* Info.plist */,
			);
			path = VibeCheck_;
			sourceTree = "<group>";
		};
		8E00289E238AFB9D00221142 /* VibeCheck_Tests */ = {
			isa = PBXGroup;
			children = (
				8E00289F238AFB9D00221142 /* VibeCheck_Tests.swift */,
				8E0028A1238AFB9D00221142 /* Info.plist */,
			);
			path = VibeCheck_Tests;
			sourceTree = "<group>";
		};
		8E0028A9238AFB9D00221142 /* VibeCheck_UITests */ = {
			isa = PBXGroup;
			children = (
				8E0028AA238AFB9D00221142 /* VibeCheck_UITests.swift */,
				8E0028AC238AFB9D00221142 /* Info.plist */,
			);
			path = VibeCheck_UITests;
			sourceTree = "<group>";
		};
/* End PBXGroup section */

/* Begin PBXNativeTarget section */
		8E002884238AFB9700221142 /* VibeCheck_ */ = {
			isa = PBXNativeTarget;
			buildConfigurationList = 8E0028AF238AFB9D00221142 /* Build configuration list for PBXNativeTarget "VibeCheck_" */;
			buildPhases = (
				8E002881238AFB9700221142 /* Sources */,
				8E002882238AFB9700221142 /* Frameworks */,
				8E002883238AFB9700221142 /* Resources */,
			);
			buildRules = (
			);
			dependencies = (
			);
			name = VibeCheck_;
			productName = VibeCheck_;
			productReference = 8E002885238AFB9700221142 /* VibeCheck_.app */;
			productType = "com.apple.product-type.application";
		};
		8E00289A238AFB9D00221142 /* VibeCheck_Tests */ = {
			isa = PBXNativeTarget;
			buildConfigurationList = 8E0028B2238AFB9D00221142 /* Build configuration list for PBXNativeTarget "VibeCheck_Tests" */;
			buildPhases = (
				8E002897238AFB9D00221142 /* Sources */,
				8E002898238AFB9D00221142 /* Frameworks */,
				8E002899238AFB9D00221142 /* Resources */,
			);
			buildRules = (
			);
			dependencies = (
				8E00289D238AFB9D00221142 /* PBXTargetDependency */,
			);
			name = VibeCheck_Tests;
			productName = VibeCheck_Tests;
			productReference = 8E00289B238AFB9D00221142 /* VibeCheck_Tests.xctest */;
			productType = "com.apple.product-type.bundle.unit-test";
		};
		8E0028A5238AFB9D00221142 /* VibeCheck_UITests */ = {
			isa = PBXNativeTarget;
			buildConfigurationList = 8E0028B5238AFB9D00221142 /* Build configuration list for PBXNativeTarget "VibeCheck_UITests" */;
			buildPhases = (
				8E0028A2238AFB9D00221142 /* Sources */,
				8E0028A3238AFB9D00221142 /* Frameworks */,
				8E0028A4238AFB9D00221142 /* Resources */,
			);
			buildRules = (
			);
			dependencies = (
				8E0028A8238AFB9D00221142 /* PBXTargetDependency */,
			);
			name = VibeCheck_UITests;
			productName = VibeCheck_UITests;
			productReference = 8E0028A6238AFB9D00221142 /* VibeCheck_UITests.xctest */;
			productType = "com.apple.product-type.bundle.ui-testing";
		};
/* End PBXNativeTarget section */

/* Begin PBXProject section */
		8E00287D238AFB9700221142 /* Project object */ = {
			isa = PBXProject;
			attributes = {
				LastSwiftUpdateCheck = 1120;
				LastUpgradeCheck = 1120;
				ORGANIZATIONNAME = "Rena Auerbach";
				TargetAttributes = {
					8E002884238AFB9700221142 = {
						CreatedOnToolsVersion = 11.2.1;
					};
					8E00289A238AFB9D00221142 = {
						CreatedOnToolsVersion = 11.2.1;
						TestTargetID = 8E002884238AFB9700221142;
					};
					8E0028A5238AFB9D00221142 = {
						CreatedOnToolsVersion = 11.2.1;
						TestTargetID = 8E002884238AFB9700221142;
					};
				};
			};
			buildConfigurationList = 8E002880238AFB9700221142 /* Build configuration list for PBXProject "VibeCheck_" */;
			compatibilityVersion = "Xcode 9.3";
			developmentRegion = en;
			hasScannedForEncodings = 0;
			knownRegions = (
				en,
				Base,
			);
			mainGroup = 8E00287C238AFB9700221142;
			productRefGroup = 8E002886238AFB9700221142 /* Products */;
			projectDirPath = "";
			projectRoot = "";
			targets = (
				8E002884238AFB9700221142 /* VibeCheck_ */,
				8E00289A238AFB9D00221142 /* VibeCheck_Tests */,
				8E0028A5238AFB9D00221142 /* VibeCheck_UITests */,
			);
		};
/* End PBXProject section */

/* Begin PBXResourcesBuildPhase section */
		8E002883238AFB9700221142 /* Resources */ = {
			isa = PBXResourcesBuildPhase;
			buildActionMask = 2147483647;
			files = (
				8E002895238AFB9D00221142 /* LaunchScreen.storyboard in Resources */,
				8E002892238AFB9D00221142 /* Assets.xcassets in Resources */,
				8E002890238AFB9700221142 /* Main.storyboard in Resources */,
			);
			runOnlyForDeploymentPostprocessing = 0;
		};
		8E002899238AFB9D00221142 /* Resources */ = {
			isa = PBXResourcesBuildPhase;
			buildActionMask = 2147483647;
			files = (
			);
			runOnlyForDeploymentPostprocessing = 0;
		};
		8E0028A4238AFB9D00221142 /* Resources */ = {
			isa = PBXResourcesBuildPhase;
			buildActionMask = 2147483647;
			files = (
			);
			runOnlyForDeploymentPostprocessing = 0;
		};
/* End PBXResourcesBuildPhase section */

/* Begin PBXSourcesBuildPhase section */
		8E002881238AFB9700221142 /* Sources */ = {
			isa = PBXSourcesBuildPhase;
			buildActionMask = 2147483647;
			files = (
				8E00288D238AFB9700221142 /* ViewController.swift in Sources */,
				8E002889238AFB9700221142 /* AppDelegate.swift in Sources */,
				8E00288B238AFB9700221142 /* SceneDelegate.swift in Sources */,
			);
			runOnlyForDeploymentPostprocessing = 0;
		};
		8E002897238AFB9D00221142 /* Sources */ = {
			isa = PBXSourcesBuildPhase;
			buildActionMask = 2147483647;
			files = (
				8E0028A0238AFB9D00221142 /* VibeCheck_Tests.swift in Sources */,
			);
			runOnlyForDeploymentPostprocessing = 0;
		};
		8E0028A2238AFB9D00221142 /* Sources */ = {
			isa = PBXSourcesBuildPhase;
			buildActionMask = 2147483647;
			files = (
				8E0028AB238AFB9D00221142 /* VibeCheck_UITests.swift in Sources */,
			);
			runOnlyForDeploymentPostprocessing = 0;
		};
/* End PBXSourcesBuildPhase section */

/* Begin PBXTargetDependency section */
		8E00289D238AFB9D00221142 /* PBXTargetDependency */ = {
			isa = PBXTargetDependency;
			target = 8E002884238AFB9700221142 /* VibeCheck_ */;
			targetProxy = 8E00289C238AFB9D00221142 /* PBXContainerItemProxy */;
		};
		8E0028A8238AFB9D00221142 /* PBXTargetDependency */ = {
			isa = PBXTargetDependency;
			target = 8E002884238AFB9700221142 /* VibeCheck_ */;
			targetProxy = 8E0028A7238AFB9D00221142 /* PBXContainerItemProxy */;
		};
/* End PBXTargetDependency section */

/* Begin PBXVariantGroup section */
		8E00288E238AFB9700221142 /* Main.storyboard */ = {
			isa = PBXVariantGroup;
			children = (
				8E00288F238AFB9700221142 /* Base */,
			);
			name = Main.storyboard;
			sourceTree = "<group>";
		};
		8E002893238AFB9D00221142 /* LaunchScreen.storyboard */ = {
			isa = PBXVariantGroup;
			children = (
				8E002894238AFB9D00221142 /* Base */,
			);
			name = LaunchScreen.storyboard;
			sourceTree = "<group>";
		};
/* End PBXVariantGroup section */

/* Begin XCBuildConfiguration section */
		8E0028AD238AFB9D00221142 /* Debug */ = {
			isa = XCBuildConfiguration;
			buildSettings = {
				ALWAYS_SEARCH_USER_PATHS = NO;
				CLANG_ANALYZER_NONNULL = YES;
				CLANG_ANALYZER_NUMBER_OBJECT_CONVERSION = YES_AGGRESSIVE;
				CLANG_CXX_LANGUAGE_STANDARD = "gnu++14";
				CLANG_CXX_LIBRARY = "libc++";
				CLANG_ENABLE_MODULES = YES;
				CLANG_ENABLE_OBJC_ARC = YES;
				CLANG_ENABLE_OBJC_WEAK = YES;
				CLANG_WARN_BLOCK_CAPTURE_AUTORELEASING = YES;
				CLANG_WARN_BOOL_CONVERSION = YES;
				CLANG_WARN_COMMA = YES;
				CLANG_WARN_CONSTANT_CONVERSION = YES;
				CLANG_WARN_DEPRECATED_OBJC_IMPLEMENTATIONS = YES;
				CLANG_WARN_DIRECT_OBJC_ISA_USAGE = YES_ERROR;
				CLANG_WARN_DOCUMENTATION_COMMENTS = YES;
				CLANG_WARN_EMPTY_BODY = YES;
				CLANG_WARN_ENUM_CONVERSION = YES;
				CLANG_WARN_INFINITE_RECURSION = YES;
				CLANG_WARN_INT_CONVERSION = YES;
				CLANG_WARN_NON_LITERAL_NULL_CONVERSION = YES;
				CLANG_WARN_OBJC_IMPLICIT_RETAIN_SELF = YES;
				CLANG_WARN_OBJC_LITERAL_CONVERSION = YES;
				CLANG_WARN_OBJC_ROOT_CLASS = YES_ERROR;
				CLANG_WARN_RANGE_LOOP_ANALYSIS = YES;
				CLANG_WARN_STRICT_PROTOTYPES = YES;
				CLANG_WARN_SUSPICIOUS_MOVE = YES;
				CLANG_WARN_UNGUARDED_AVAILABILITY = YES_AGGRESSIVE;
				CLANG_WARN_UNREACHABLE_CODE = YES;
				CLANG_WARN__DUPLICATE_METHOD_MATCH = YES;
				COPY_PHASE_STRIP = NO;
				DEBUG_INFORMATION_FORMAT = dwarf;
				ENABLE_STRICT_OBJC_MSGSEND = YES;
				ENABLE_TESTABILITY = YES;
				GCC_C_LANGUAGE_STANDARD = gnu11;
				GCC_DYNAMIC_NO_PIC = NO;
				GCC_NO_COMMON_BLOCKS = YES;
				GCC_OPTIMIZATION_LEVEL = 0;
				GCC_PREPROCESSOR_DEFINITIONS = (
					"DEBUG=1",
					"$(inherited)",
				);
				GCC_WARN_64_TO_32_BIT_CONVERSION = YES;
				GCC_WARN_ABOUT_RETURN_TYPE = YES_ERROR;
				GCC_WARN_UNDECLARED_SELECTOR = YES;
				GCC_WARN_UNINITIALIZED_AUTOS = YES_AGGRESSIVE;
				GCC_WARN_UNUSED_FUNCTION = YES;
				GCC_WARN_UNUSED_VARIABLE = YES;
				IPHONEOS_DEPLOYMENT_TARGET = 13.2;
				MTL_ENABLE_DEBUG_INFO = INCLUDE_SOURCE;
				MTL_FAST_MATH = YES;
				ONLY_ACTIVE_ARCH = YES;
				SDKROOT = iphoneos;
				SWIFT_ACTIVE_COMPILATION_CONDITIONS = DEBUG;
				SWIFT_OPTIMIZATION_LEVEL = "-Onone";
			};
			name = Debug;
		};
		8E0028AE238AFB9D00221142 /* Release */ = {
			isa = XCBuildConfiguration;
			buildSettings = {
				ALWAYS_SEARCH_USER_PATHS = NO;
				CLANG_ANALYZER_NONNULL = YES;
				CLANG_ANALYZER_NUMBER_OBJECT_CONVERSION = YES_AGGRESSIVE;
				CLANG_CXX_LANGUAGE_STANDARD = "gnu++14";
				CLANG_CXX_LIBRARY = "libc++";
				CLANG_ENABLE_MODULES = YES;
				CLANG_ENABLE_OBJC_ARC = YES;
				CLANG_ENABLE_OBJC_WEAK = YES;
				CLANG_WARN_BLOCK_CAPTURE_AUTORELEASING = YES;
				CLANG_WARN_BOOL_CONVERSION = YES;
				CLANG_WARN_COMMA = YES;
				CLANG_WARN_CONSTANT_CONVERSION = YES;
				CLANG_WARN_DEPRECATED_OBJC_IMPLEMENTATIONS = YES;
				CLANG_WARN_DIRECT_OBJC_ISA_USAGE = YES_ERROR;
				CLANG_WARN_DOCUMENTATION_COMMENTS = YES;
				CLANG_WARN_EMPTY_BODY = YES;
				CLANG_WARN_ENUM_CONVERSION = YES;
				CLANG_WARN_INFINITE_RECURSION = YES;
				CLANG_WARN_INT_CONVERSION = YES;
				CLANG_WARN_NON_LITERAL_NULL_CONVERSION = YES;
				CLANG_WARN_OBJC_IMPLICIT_RETAIN_SELF = YES;
				CLANG_WARN_OBJC_LITERAL_CONVERSION = YES;
				CLANG_WARN_OBJC_ROOT_CLASS = YES_ERROR;
				CLANG_WARN_RANGE_LOOP_ANALYSIS = YES;
				CLANG_WARN_STRICT_PROTOTYPES = YES;
				CLANG_WARN_SUSPICIOUS_MOVE = YES;
				CLANG_WARN_UNGUARDED_AVAILABILITY = YES_AGGRESSIVE;
				CLANG_WARN_UNREACHABLE_CODE = YES;
				CLANG_WARN__DUPLICATE_METHOD_MATCH = YES;
				COPY_PHASE_STRIP = NO;
				DEBUG_INFORMATION_FORMAT = "dwarf-with-dsym";
				ENABLE_NS_ASSERTIONS = NO;
				ENABLE_STRICT_OBJC_MSGSEND = YES;
				GCC_C_LANGUAGE_STANDARD = gnu11;
				GCC_NO_COMMON_BLOCKS = YES;
				GCC_WARN_64_TO_32_BIT_CONVERSION = YES;
				GCC_WARN_ABOUT_RETURN_TYPE = YES_ERROR;
				GCC_WARN_UNDECLARED_SELECTOR = YES;
				GCC_WARN_UNINITIALIZED_AUTOS = YES_AGGRESSIVE;
				GCC_WARN_UNUSED_FUNCTION = YES;
				GCC_WARN_UNUSED_VARIABLE = YES;
				IPHONEOS_DEPLOYMENT_TARGET = 13.2;
				MTL_ENABLE_DEBUG_INFO = NO;
				MTL_FAST_MATH = YES;
				SDKROOT = iphoneos;
				SWIFT_COMPILATION_MODE = wholemodule;
				SWIFT_OPTIMIZATION_LEVEL = "-O";
				VALIDATE_PRODUCT = YES;
			};
			name = Release;
		};
		8E0028B0238AFB9D00221142 /* Debug */ = {
			isa = XCBuildConfiguration;
			buildSettings = {
				ASSETCATALOG_COMPILER_APPICON_NAME = AppIcon;
				CODE_SIGN_STYLE = Automatic;
				INFOPLIST_FILE = VibeCheck_/Info.plist;
				LD_RUNPATH_SEARCH_PATHS = (
					"$(inherited)",
					"@executable_path/Frameworks",
				);
				PRODUCT_BUNDLE_IDENTIFIER = "edu.nyu.cs.VibeCheck-";
				PRODUCT_NAME = "$(TARGET_NAME)";
				SWIFT_VERSION = 5.0;
				TARGETED_DEVICE_FAMILY = "1,2";
			};
			name = Debug;
		};
		8E0028B1238AFB9D00221142 /* Release */ = {
			isa = XCBuildConfiguration;
			buildSettings = {
				ASSETCATALOG_COMPILER_APPICON_NAME = AppIcon;
				CODE_SIGN_STYLE = Automatic;
				INFOPLIST_FILE = VibeCheck_/Info.plist;
				LD_RUNPATH_SEARCH_PATHS = (
					"$(inherited)",
					"@executable_path/Frameworks",
				);
				PRODUCT_BUNDLE_IDENTIFIER = "edu.nyu.cs.VibeCheck-";
				PRODUCT_NAME = "$(TARGET_NAME)";
				SWIFT_VERSION = 5.0;
				TARGETED_DEVICE_FAMILY = "1,2";
			};
			name = Release;
		};
		8E0028B3238AFB9D00221142 /* Debug */ = {
			isa = XCBuildConfiguration;
			buildSettings = {
				ALWAYS_EMBED_SWIFT_STANDARD_LIBRARIES = YES;
				BUNDLE_LOADER = "$(TEST_HOST)";
				CODE_SIGN_STYLE = Automatic;
				INFOPLIST_FILE = VibeCheck_Tests/Info.plist;
				IPHONEOS_DEPLOYMENT_TARGET = 13.2;
				LD_RUNPATH_SEARCH_PATHS = (
					"$(inherited)",
					"@executable_path/Frameworks",
					"@loader_path/Frameworks",
				);
				PRODUCT_BUNDLE_IDENTIFIER = "edu.nyu.cs.VibeCheck-Tests";
				PRODUCT_NAME = "$(TARGET_NAME)";
				SWIFT_VERSION = 5.0;
				TARGETED_DEVICE_FAMILY = "1,2";
				TEST_HOST = "$(BUILT_PRODUCTS_DIR)/VibeCheck_.app/VibeCheck_";
			};
			name = Debug;
		};
		8E0028B4238AFB9D00221142 /* Release */ = {
			isa = XCBuildConfiguration;
			buildSettings = {
				ALWAYS_EMBED_SWIFT_STANDARD_LIBRARIES = YES;
				BUNDLE_LOADER = "$(TEST_HOST)";
				CODE_SIGN_STYLE = Automatic;
				INFOPLIST_FILE = VibeCheck_Tests/Info.plist;
				IPHONEOS_DEPLOYMENT_TARGET = 13.2;
				LD_RUNPATH_SEARCH_PATHS = (
					"$(inherited)",
					"@executable_path/Frameworks",
					"@loader_path/Frameworks",
				);
				PRODUCT_BUNDLE_IDENTIFIER = "edu.nyu.cs.VibeCheck-Tests";
				PRODUCT_NAME = "$(TARGET_NAME)";
				SWIFT_VERSION = 5.0;
				TARGETED_DEVICE_FAMILY = "1,2";
				TEST_HOST = "$(BUILT_PRODUCTS_DIR)/VibeCheck_.app/VibeCheck_";
			};
			name = Release;
		};
		8E0028B6238AFB9D00221142 /* Debug */ = {
			isa = XCBuildConfiguration;
			buildSettings = {
				ALWAYS_EMBED_SWIFT_STANDARD_LIBRARIES = YES;
				CODE_SIGN_STYLE = Automatic;
				INFOPLIST_FILE = VibeCheck_UITests/Info.plist;
				LD_RUNPATH_SEARCH_PATHS = (
					"$(inherited)",
					"@executable_path/Frameworks",
					"@loader_path/Frameworks",
				);
				PRODUCT_BUNDLE_IDENTIFIER = "edu.nyu.cs.VibeCheck-UITests";
				PRODUCT_NAME = "$(TARGET_NAME)";
				SWIFT_VERSION = 5.0;
				TARGETED_DEVICE_FAMILY = "1,2";
				TEST_TARGET_NAME = VibeCheck_;
			};
			name = Debug;
		};
		8E0028B7238AFB9D00221142 /* Release */ = {
			isa = XCBuildConfiguration;
			buildSettings = {
				ALWAYS_EMBED_SWIFT_STANDARD_LIBRARIES = YES;
				CODE_SIGN_STYLE = Automatic;
				INFOPLIST_FILE = VibeCheck_UITests/Info.plist;
				LD_RUNPATH_SEARCH_PATHS = (
					"$(inherited)",
					"@executable_path/Frameworks",
					"@loader_path/Frameworks",
				);
				PRODUCT_BUNDLE_IDENTIFIER = "edu.nyu.cs.VibeCheck-UITests";
				PRODUCT_NAME = "$(TARGET_NAME)";
				SWIFT_VERSION = 5.0;
				TARGETED_DEVICE_FAMILY = "1,2";
				TEST_TARGET_NAME = VibeCheck_;
			};
			name = Release;
		};
/* End XCBuildConfiguration section */

/* Begin XCConfigurationList section */
		8E002880238AFB9700221142 /* Build configuration list for PBXProject "VibeCheck_" */ = {
			isa = XCConfigurationList;
			buildConfigurations = (
				8E0028AD238AFB9D00221142 /* Debug */,
				8E0028AE238AFB9D00221142 /* Release */,
			);
			defaultConfigurationIsVisible = 0;
			defaultConfigurationName = Release;
		};
		8E0028AF238AFB9D00221142 /* Build configuration list for PBXNativeTarget "VibeCheck_" */ = {
			isa = XCConfigurationList;
			buildConfigurations = (
				8E0028B0238AFB9D00221142 /* Debug */,
				8E0028B1238AFB9D00221142 /* Release */,
			);
			defaultConfigurationIsVisible = 0;
			defaultConfigurationName = Release;
		};
		8E0028B2238AFB9D00221142 /* Build configuration list for PBXNativeTarget "VibeCheck_Tests" */ = {
			isa = XCConfigurationList;
			buildConfigurations = (
				8E0028B3238AFB9D00221142 /* Debug */,
				8E0028B4238AFB9D00221142 /* Release */,
			);
			defaultConfigurationIsVisible = 0;
			defaultConfigurationName = Release;
		};
		8E0028B5238AFB9D00221142 /* Build configuration list for PBXNativeTarget "VibeCheck_UITests" */ = {
			isa = XCConfigurationList;
			buildConfigurations = (
				8E0028B6238AFB9D00221142 /* Debug */,
				8E0028B7238AFB9D00221142 /* Release */,
			);
			defaultConfigurationIsVisible = 0;
			defaultConfigurationName = Release;
		};
/* End XCConfigurationList section */
	};
	rootObject = 8E00287D238AFB9700221142 /* Project object */;
}
